
Microsoft Visual Studio Solution File, Format Version 12.00
# Visual Studio Version 17
VisualStudioVersion = 17.5.33530.505
MinimumVisualStudioVersion = 10.0.40219.1
Project("{FAE04EC0-301F-11D3-BF4B-00C04F79EFBC}") = "LoopExercises", "LoopExercises\LoopExercises.csproj", "{13BABACD-484B-49B0-A78B-F79A0A5A8537}"
EndProject
Global
	GlobalSection(SolutionConfigurationPlatforms) = preSolution
		Debug|Any CPU = Debug|Any CPU
		Release|Any CPU = Release|Any CPU
	EndGlobalSection
	GlobalSection(ProjectConfigurationPlatforms) = postSolution
		{13BABACD-484B-49B0-A78B-F79A0A5A8537}.Debug|Any CPU.ActiveCfg = Debug|Any CPU
		{13BABACD-484B-49B0-A78B-F79A0A5A8537}.Debug|Any CPU.Build.0 = Debug|Any CPU
		{13BABACD-484B-49B0-A78B-F79A0A5A8537}.Release|Any CPU.ActiveCfg = Release|Any CPU
		{13BABACD-484B-49B0-A78B-F79A0A5A8537}.Release|Any CPU.Build.0 = Release|Any CPU
	EndGlobalSection
	GlobalSection(SolutionProperties) = preSolution
		HideSolutionNode = FALSE
	EndGlobalSection
	GlobalSection(ExtensibilityGlobals) = postSolution
		SolutionGuid = {CF288B81-F682-4D75-8C26-81AFA46C8063}
	EndGlobalSection
EndGlobal
